{
  "version": "2",
  "remote": {
    "https://deno.land/std@0.192.0/_util/asserts.ts": "178dfc49a464aee693a7e285567b3d0b555dc805ff490505a8aae34f9cfb1462",
    "https://deno.land/std@0.192.0/_util/os.ts": "d932f56d41e4f6a6093d56044e29ce637f8dcc43c5a90af43504a889cf1775e3",
    "https://deno.land/std@0.192.0/collections/filter_values.ts": "5b9feaf17b9a6e5ffccdd36cf6f38fa4ffa94cff2602d381c2ad0c2a97929652",
    "https://deno.land/std@0.192.0/collections/without_all.ts": "a89f5da0b5830defed4f59666e188df411d8fece35a5f6ca69be6ca71a95c185",
    "https://deno.land/std@0.192.0/dotenv/mod.ts": "f5a8123741d1561ae8184a7f043bc097b15132c5171c651142b804b6dbc21853",
    "https://deno.land/std@0.192.0/flags/mod.ts": "17f444ddbee43c5487568de0c6a076c7729cfe90d96d2ffcd2b8f8adadafb6e8",
    "https://deno.land/std@0.192.0/media_types/_db.ts": "7606d83e31f23ce1a7968cbaee852810c2cf477903a095696cdc62eaab7ce570",
    "https://deno.land/std@0.192.0/media_types/_util.ts": "916efbd30b6148a716f110e67a4db29d6949bf4048997b754415dd7e42c52378",
    "https://deno.land/std@0.192.0/media_types/content_type.ts": "ad98a5aa2d95f5965b2796072284258710a25e520952376ed432b0937ce743bc",
    "https://deno.land/std@0.192.0/media_types/format_media_type.ts": "f5e1073c05526a6f5a516ac5c5587a1abd043bf1039c71cde1166aa4328c8baf",
    "https://deno.land/std@0.192.0/media_types/get_charset.ts": "18b88274796fda5d353806bf409eb1d2ddb3f004eb4bd311662c4cdd8ac173db",
    "https://deno.land/std@0.192.0/media_types/parse_media_type.ts": "835c4112e1357e95b4f10d7cdea5ae1801967e444f48673ff8f1cb4d32af9920",
    "https://deno.land/std@0.192.0/media_types/type_by_extension.ts": "daa801eb0f11cdf199445d0f1b656cf116d47dcf9e5b85cc1e6b4469f5ee0432",
    "https://deno.land/std@0.192.0/media_types/vendor/mime-db.v1.52.0.ts": "6925bbcae81ca37241e3f55908d0505724358cda3384eaea707773b2c7e99586",
    "https://deno.land/std@0.192.0/path/_constants.ts": "e49961f6f4f48039c0dfed3c3f93e963ca3d92791c9d478ac5b43183413136e0",
    "https://deno.land/std@0.192.0/path/_interface.ts": "6471159dfbbc357e03882c2266d21ef9afdb1e4aa771b0545e90db58a0ba314b",
    "https://deno.land/std@0.192.0/path/_util.ts": "d7abb1e0dea065f427b89156e28cdeb32b045870acdf865833ba808a73b576d0",
    "https://deno.land/std@0.192.0/path/common.ts": "ee7505ab01fd22de3963b64e46cff31f40de34f9f8de1fff6a1bd2fe79380000",
    "https://deno.land/std@0.192.0/path/glob.ts": "d479e0a695621c94d3fd7fe7abd4f9499caf32a8de13f25073451c6ef420a4e1",
    "https://deno.land/std@0.192.0/path/mod.ts": "f065032a7189404fdac3ad1a1551a9ac84751d2f25c431e101787846c86c79ef",
    "https://deno.land/std@0.192.0/path/posix.ts": "8b7c67ac338714b30c816079303d0285dd24af6b284f7ad63da5b27372a2c94d",
    "https://deno.land/std@0.192.0/path/separator.ts": "0fb679739d0d1d7bf45b68dacfb4ec7563597a902edbaf3c59b50d5bcadd93b1",
    "https://deno.land/std@0.192.0/path/win32.ts": "d186344e5583bcbf8b18af416d13d82b35a317116e6460a5a3953508c3de5bba",
    "https://deno.land/x/entropy@1.0.0-alpha.0/src/configurator/configurator.module.ts": "5bf2baffe87170117c4e113599a78f4e645e8660c5f8aef104eac71dd5e38a4f",
    "https://deno.land/x/entropy@1.0.0-alpha.0/src/configurator/configurator.service.ts": "f361c9a255cd88f74c585e6de7ae1dea417697850cc1596db265e0694417b58e",
    "https://deno.land/x/entropy@1.0.0-alpha.0/src/configurator/interfaces/app_config.interface.ts": "631b88538049217948edf3ba4b9f350d5d3b4665a91f20c3c397ebb518cd63e7",
    "https://deno.land/x/entropy@1.0.0-alpha.0/src/constants.ts": "138a8d09f1a7db0b41efeee8feb7b68fb400808936af0eaa618aebc729e7ceac",
    "https://deno.land/x/entropy@1.0.0-alpha.0/src/encrypter/encrypter.module.ts": "2c33c62f0d82e2a53393186d096bc819104c391569846b3d8d0644aa218cc21c",
    "https://deno.land/x/entropy@1.0.0-alpha.0/src/encrypter/encrypter.service.ts": "d489124ff16923072af4286f0f9d261a1665714ee83dd7938d3c6088ef37e994",
    "https://deno.land/x/entropy@1.0.0-alpha.0/src/error_handler/error_handler.service.ts": "d5b8fba7276ba230bdfa5ba4c6075fd2d5d0f224f241d33d668bf1e8164ab696",
    "https://deno.land/x/entropy@1.0.0-alpha.0/src/error_handler/pages/error_page.ts": "fdba955e064e4327976c0d586b54cc7089278c1147cd5e164e088ced6dc21157",
    "https://deno.land/x/entropy@1.0.0-alpha.0/src/http/enums/http_method.enum.ts": "0291d611bcd3051cd91a984ebfd766c72fd3aa592ff7e2f0dede31f690c956f7",
    "https://deno.land/x/entropy@1.0.0-alpha.0/src/http/enums/status_code.enum.ts": "3fe440e2fbe724e5cc0649f9b096dcd28dd9c65098a4885313b0c45fd4cd59b1",
    "https://deno.land/x/entropy@1.0.0-alpha.0/src/http/functions/create_response.function.ts": "555fb58e2f06a0253f5fca98a78e9e91cb605a2a13bc38f030a99cdddaaf9ff0",
    "https://deno.land/x/entropy@1.0.0-alpha.0/src/http/http.module.ts": "21d38f64c48c63e8b15d2ef0cc682b5f688dd3854c88f70e64594d737f0a0687",
    "https://deno.land/x/entropy@1.0.0-alpha.0/src/http/http_client.service.ts": "fed63a618c917b58d17b9b2e6f8c99c4205c134d5151c2d2a1f6622a0b984944",
    "https://deno.land/x/entropy@1.0.0-alpha.0/src/http/http_error.class.ts": "1e7227f2943f93d48fe730b20d8bbd5d6f78ce38e234b9124d650507add69123",
    "https://deno.land/x/entropy@1.0.0-alpha.0/src/http/interfaces/controller.interface.ts": "3ea2abed637d86dbf9353d9cf89191efd3d62fab1c23dd498902ad1190a26fde",
    "https://deno.land/x/entropy@1.0.0-alpha.0/src/http/pages/status_page.ts": "512f372dd51b15e237105fe3b7fe010028d2a814924bf912f4bd28e343858d4c",
    "https://deno.land/x/entropy@1.0.0-alpha.0/src/http/view_response.class.ts": "703bc1d5c1e2cd8e772c3a9be268c3077f4422745afb052522ddb6c766966df6",
    "https://deno.land/x/entropy@1.0.0-alpha.0/src/injector/functions/inject.function.ts": "9fa80571c9c226a6b0b1cf441191910c4ff50772ac7a38e611a8fa3fae0ae768",
    "https://deno.land/x/entropy@1.0.0-alpha.0/src/injector/injector.class.ts": "8163f2e24bec7c99ea1731388a36e36e75dca8d27f2a17a2f05dceb30e4eb640",
    "https://deno.land/x/entropy@1.0.0-alpha.0/src/injector/injector.module.ts": "0ca7292d7a9ee33725c60df697b5cccb6c46cd408c77012f7891321f0bc0eefe",
    "https://deno.land/x/entropy@1.0.0-alpha.0/src/injector/interfaces/service_resolve_options.interface.ts": "711524b77d169d2720a9069bf9f0a51b4520ac14f31ebcd33ff08e4b48798140",
    "https://deno.land/x/entropy@1.0.0-alpha.0/src/localizator/functions/translate.function.ts": "baf417daf2b22424dfba0c34d51502765330f928413d9a9bd98b917feb1c5a15",
    "https://deno.land/x/entropy@1.0.0-alpha.0/src/localizator/localizator.module.ts": "b5a21d40d75614508464697f70d69db16676f1a550367cff8cf1c8d03a555ffd",
    "https://deno.land/x/entropy@1.0.0-alpha.0/src/localizator/localizator.service.ts": "f938717ccb55d217f79a5deb0be2a9891ddaae36a12656bb982a97649909d30b",
    "https://deno.land/x/entropy@1.0.0-alpha.0/src/logger/logger.module.ts": "4b37e3e9a1e2340cf1cee927a50f2dc56e69f0fa3ba0cbec0d2f65b0284c5ba2",
    "https://deno.land/x/entropy@1.0.0-alpha.0/src/logger/logger.service.ts": "8908363e91f2e75994c8930067d0077d8e4b5a06ecfa82694e8186482de7554e",
    "https://deno.land/x/entropy@1.0.0-alpha.0/src/mod.ts": "1922f346f91d918f0731f4eba24ab0dd0c16791547544d42acb92a681a1dd37f",
    "https://deno.land/x/entropy@1.0.0-alpha.0/src/router/decorators/route.decorator.ts": "3168f35cdec0597bfb6be0905a5dfee5096838cb314b9fe3272654e5b9df3b4c",
    "https://deno.land/x/entropy@1.0.0-alpha.0/src/router/functions/create_router.function.ts": "3e3bbae0205c96df4bbe88e4696365f7bbe1a3a6ee97c49ecdc3e3bbd52f1fae",
    "https://deno.land/x/entropy@1.0.0-alpha.0/src/router/interfaces/route_definition.interface.ts": "51a0f50b9e85c6e714b9223af159c67e22b93e5019adfde8ee9f5705ee104031",
    "https://deno.land/x/entropy@1.0.0-alpha.0/src/router/interfaces/route_options.interface.ts": "83e6e36cd0170ce96d3aefbca151e726e458ca4e1ef6bcee5704d7d9e78d875e",
    "https://deno.land/x/entropy@1.0.0-alpha.0/src/router/router.module.ts": "4151bcc36b9abc627e2ae56d8ad575fbaaa4f4c74d39a8a79d42cc5053dfdb1c",
    "https://deno.land/x/entropy@1.0.0-alpha.0/src/router/router.service.ts": "ab97f77f021dbfe7e91e9ce3b78a18944ce31ecffc6318ccb9989d48bdd8f974",
    "https://deno.land/x/entropy@1.0.0-alpha.0/src/router/types/route_path.type.ts": "5910e41bc51f7976c9f6bd74b9acb5230feefa9c277950febcc452f3a7dfc25e",
    "https://deno.land/x/entropy@1.0.0-alpha.0/src/server/enums/web_client_alias.enum.ts": "4b59d4c33e38528316dff6cc4e3b88580d6cd62a178026e21d552729630c0af6",
    "https://deno.land/x/entropy@1.0.0-alpha.0/src/server/functions/create_server.function.ts": "48e409bbaa0bfee8ffa13d6593a253bb1c7df04ca9a67527b907151f6454e6c0",
    "https://deno.land/x/entropy@1.0.0-alpha.0/src/server/interfaces/module.interface.ts": "17ccb73d178100a66ad18279cb0b53bbc523bd9193b228617a99bd3d47fce182",
    "https://deno.land/x/entropy@1.0.0-alpha.0/src/server/interfaces/server_options.interface.ts": "00636b0e3c1f05f1a5aa40f7d529b959cf0a38ecab6ecb7b2da94b903d80bdce",
    "https://deno.land/x/entropy@1.0.0-alpha.0/src/server/server.module.ts": "7df740ab30e1d9b177ed2663b8888d09b409ef81fb64a88ab8a7e451742d610d",
    "https://deno.land/x/entropy@1.0.0-alpha.0/src/server/server.service.ts": "543ebe8b3cc0ef4ea35c1fe8041db9ad91b54c07f9ae25626c33e67dd7bec458",
    "https://deno.land/x/entropy@1.0.0-alpha.0/src/template_compiler/functions/render.function.ts": "688301d3808d8510cb9ec0b3247fa0c3cefa72cbe037621bf6b77f66445f8f9a",
    "https://deno.land/x/entropy@1.0.0-alpha.0/src/template_compiler/functions/resolve_view_file.function.ts": "fb1f4ef51d045e64bfcf849dd291594ed34145b6cf12eac76d9f4de7e4fc79f5",
    "https://deno.land/x/entropy@1.0.0-alpha.0/src/template_compiler/interfaces/compile_options.interface.ts": "0e18ef5ac3343d9a07f4b20f58bfa2b7077568a2d0c04b438a75cca65b46435c",
    "https://deno.land/x/entropy@1.0.0-alpha.0/src/template_compiler/interfaces/template_directive_definition.interface.ts": "ff6274ff8e91fbad960ae5f8f2cadd6ac1ec816bfdbf84fb29851fb3c8c29546",
    "https://deno.land/x/entropy@1.0.0-alpha.0/src/template_compiler/template_compiler.module.ts": "0eb027b267a8f6cd01e4b9d3b91b28f9f7f3b92b6315247278385208413d9b7e",
    "https://deno.land/x/entropy@1.0.0-alpha.0/src/template_compiler/template_compiler.service.ts": "ce87e8ebe50417c1b0832950af984b9a0b45689ba7d8a82ec0f3c8575c130abc",
    "https://deno.land/x/entropy@1.0.0-alpha.0/src/utils/functions/caller_file.function.ts": "fa89ff653ad29182469179257526fda661793ebeca53e4d5e1b0ffd4e357995b",
    "https://deno.land/x/entropy@1.0.0-alpha.0/src/utils/functions/enum_key.function.ts": "2e6eb3e4559971baccc09fe64d54f8bf7cece0140d3711eb8bb84a0ecab869fe",
    "https://deno.land/x/entropy@1.0.0-alpha.0/src/utils/functions/env.function.ts": "ab21a353df98e23e39a2b75bd73c545cef9fa3045c0b5ea81bff01e507aca48b",
    "https://deno.land/x/entropy@1.0.0-alpha.0/src/utils/functions/escape.function.ts": "75c2d8fc680c189da57439afe6bd01131c253d139f521db5a4685cec9e4c37da",
    "https://deno.land/x/entropy@1.0.0-alpha.0/src/utils/functions/range.function.ts": "86b810e36f1134f11c17764af3feee900602a2cc6f0621b33094da0836d63191",
    "https://deno.land/x/entropy@1.0.0-alpha.0/src/utils/functions/run_command.function.ts": "33e7570a135ce4e62ac7fafcdaaab7ffcbc77813a195aab8eb4b3be69718d415",
    "https://deno.land/x/entropy@1.0.0-alpha.0/src/utils/interfaces/constructor.interface.ts": "85ffa90ea2b40c67a0d98adaa7955a0efb631bf5d24c088af0367d76f221c17a",
    "https://deno.land/x/entropy@1.0.0-alpha.0/src/utils/reflect.class.ts": "c941c7a71429c64e379c8f8dc9ed8ee184f47c4e869ccb9b2e0b017504745138",
    "https://deno.land/x/entropy@1.0.0-alpha.0/src/utils/types/values_union.type.ts": "922475cd7cf6721ba85818960e7c7cb92270d452e907b4aa8ff5963ac0b3d819",
    "https://deno.land/x/entropy@1.0.0-alpha.0/src/utils/utils.module.ts": "2329b33716d24af45ad0337ce539a020afce509674944968909d3a5adef05fac"
  }
}
